
Microsoft Visual Studio Solution File, Format Version 12.00
# Visual Studio Version 17
VisualStudioVersion = 17.2.32630.192
MinimumVisualStudioVersion = 10.0.40219.1
Project("{9A19103F-16F7-4668-BE54-9A1E7A4F7556}") = "R5T.Z0056", "R5T.Z0056\R5T.Z0056.csproj", "{A2EE0A22-448B-4C1E-B2F0-7604F85A30B8}"
EndProject
Project("{2150E333-8FDC-42A3-9474-1A3956D46DE8}") = "_Dependencies", "_Dependencies", "{5A1333A6-7B43-4DEF-9C35-A31150684010}"
EndProject
Project("{9A19103F-16F7-4668-BE54-9A1E7A4F7556}") = "R5T.T0131", "..\..\R5T.T0131\source\R5T.T0131\R5T.T0131.csproj", "{A459F558-D5A9-454F-A0F7-C3B81AD10B4F}"
EndProject
Project("{9A19103F-16F7-4668-BE54-9A1E7A4F7556}") = "R5T.T0143", "..\..\R5T.T0143\source\R5T.T0143\R5T.T0143.csproj", "{63A05065-5552-4483-8DEA-361EE8338E18}"
EndProject
Project("{9A19103F-16F7-4668-BE54-9A1E7A4F7556}") = "R5T.T0132", "..\..\R5T.T0132\source\R5T.T0132\R5T.T0132.csproj", "{E0059B50-EB8F-429A-92B5-DB6CC646ABEA}"
EndProject
Project("{9A19103F-16F7-4668-BE54-9A1E7A4F7556}") = "R5T.T0178", "..\..\R5T.T0178\source\R5T.T0178\R5T.T0178.csproj", "{A903DF02-E4A8-4EFF-A66D-573645C86EED}"
EndProject
Project("{9A19103F-16F7-4668-BE54-9A1E7A4F7556}") = "R5T.T0179", "..\..\R5T.T0179\source\R5T.T0179\R5T.T0179.csproj", "{AC98FDC2-A1F0-4758-99C7-869AB6AF8032}"
EndProject
Project("{9A19103F-16F7-4668-BE54-9A1E7A4F7556}") = "R5T.T0185", "..\..\R5T.T0185\source\R5T.T0185\R5T.T0185.csproj", "{A01838E8-A292-4995-8725-070D84EAC291}"
EndProject
Project("{9A19103F-16F7-4668-BE54-9A1E7A4F7556}") = "R5T.T0203", "..\..\R5T.T0203\source\R5T.T0203\R5T.T0203.csproj", "{DE92C395-B805-4988-8740-CBCC1D6B87FA}"
EndProject
Project("{9A19103F-16F7-4668-BE54-9A1E7A4F7556}") = "R5T.T0212", "..\..\R5T.T0212\source\R5T.T0212\R5T.T0212.csproj", "{A155065C-3D0B-437E-BF10-246EE330E16B}"
EndProject
Project("{9A19103F-16F7-4668-BE54-9A1E7A4F7556}") = "R5T.Z0055", "..\..\R5T.Z0055\source\R5T.Z0055\R5T.Z0055.csproj", "{57E2EB1C-2A78-49C0-9F8D-4FAB1C56D0AE}"
EndProject
Project("{9A19103F-16F7-4668-BE54-9A1E7A4F7556}") = "R5T.F0000", "..\..\R5T.F0000\source\R5T.F0000\R5T.F0000.csproj", "{29A77842-52C5-458E-B41E-C090F89F1D2E}"
EndProject
Project("{9A19103F-16F7-4668-BE54-9A1E7A4F7556}") = "R5T.F0002", "..\..\R5T.F0002\source\R5T.F0002\R5T.F0002.csproj", "{A49108B9-A74E-4A16-8018-4880E2A9E6AD}"
EndProject
Project("{9A19103F-16F7-4668-BE54-9A1E7A4F7556}") = "R5T.F0120", "..\..\R5T.F0120\source\R5T.F0120\R5T.F0120.csproj", "{504D7B55-0586-4555-8090-2F40AA20348D}"
EndProject
Project("{9A19103F-16F7-4668-BE54-9A1E7A4F7556}") = "R5T.F0124", "..\..\R5T.F0124\source\R5T.F0124\R5T.F0124.csproj", "{16C32EAF-5BE9-45FB-BCB6-2A6988C9CA06}"
EndProject
Project("{9A19103F-16F7-4668-BE54-9A1E7A4F7556}") = "R5T.F0125", "..\..\R5T.F0125\source\R5T.F0125\R5T.F0125.csproj", "{5DF9EE20-A464-496B-8B0E-A2B6A4ECCB3F}"
EndProject
Project("{9A19103F-16F7-4668-BE54-9A1E7A4F7556}") = "R5T.L0030.T000", "..\..\R5T.L0030\source\R5T.L0030.T000\R5T.L0030.T000.csproj", "{800E4118-8C80-4D03-815C-0AEC4811A6DD}"
EndProject
Project("{9A19103F-16F7-4668-BE54-9A1E7A4F7556}") = "R5T.L0030", "..\..\R5T.L0030\source\R5T.L0030\R5T.L0030.csproj", "{1C65FC5D-1154-4107-BBE0-251430854318}"
EndProject
Project("{9A19103F-16F7-4668-BE54-9A1E7A4F7556}") = "R5T.L0034", "..\..\R5T.L0034\source\R5T.L0034\R5T.L0034.csproj", "{815E935D-855B-4911-B9DB-646696E195AD}"
EndProject
Project("{9A19103F-16F7-4668-BE54-9A1E7A4F7556}") = "R5T.L0035", "..\..\R5T.L0035\source\R5T.L0035\R5T.L0035.csproj", "{69C3CEA4-13BE-4637-B0AE-12174BE9DDD1}"
EndProject
Project("{9A19103F-16F7-4668-BE54-9A1E7A4F7556}") = "R5T.NG0022", "..\..\R5T.NG0022\source\R5T.NG0022\R5T.NG0022.csproj", "{FF28F7B5-3A1E-487E-B17F-674B0677C1B7}"
EndProject
Project("{9A19103F-16F7-4668-BE54-9A1E7A4F7556}") = "R5T.T0142", "..\..\R5T.T0142\source\R5T.T0142\R5T.T0142.csproj", "{FAF463BA-6151-4356-8810-1DA0C98724F2}"
EndProject
Project("{9A19103F-16F7-4668-BE54-9A1E7A4F7556}") = "R5T.T0150", "..\..\R5T.T0150\source\R5T.T0150\R5T.T0150.csproj", "{ED171E42-CFE8-40C5-818F-97F8AED87FDF}"
EndProject
Project("{9A19103F-16F7-4668-BE54-9A1E7A4F7556}") = "R5T.T0151", "..\..\R5T.T0151\source\R5T.T0151\R5T.T0151.csproj", "{2A446CF1-8CA8-408C-B087-8962F130E5F8}"
EndProject
Project("{9A19103F-16F7-4668-BE54-9A1E7A4F7556}") = "R5T.T0156", "..\..\R5T.T0156\source\R5T.T0156\R5T.T0156.csproj", "{92696BDF-F372-44A6-AB12-96A5B0B327B0}"
EndProject
Project("{9A19103F-16F7-4668-BE54-9A1E7A4F7556}") = "R5T.T0162", "..\..\R5T.T0162\source\R5T.T0162\R5T.T0162.csproj", "{05BA2D7B-5D7C-4EBD-A7E1-CC64416B14D5}"
EndProject
Project("{9A19103F-16F7-4668-BE54-9A1E7A4F7556}") = "R5T.T0172", "..\..\R5T.T0172\source\R5T.T0172\R5T.T0172.csproj", "{9ABFE4E9-7548-4633-99CF-FE934BE8750F}"
EndProject
Project("{9A19103F-16F7-4668-BE54-9A1E7A4F7556}") = "R5T.T0174", "..\..\R5T.T0174\source\R5T.T0174\R5T.T0174.csproj", "{BCE48C5D-587F-497C-B08E-99348F071666}"
EndProject
Project("{9A19103F-16F7-4668-BE54-9A1E7A4F7556}") = "R5T.T0176", "..\..\R5T.T0176\source\R5T.T0176\R5T.T0176.csproj", "{DD5BED78-1162-401B-92E6-9CD0B1180026}"
EndProject
Project("{9A19103F-16F7-4668-BE54-9A1E7A4F7556}") = "R5T.T0177", "..\..\R5T.T0177\source\R5T.T0177\R5T.T0177.csproj", "{F2ABE6AC-226D-4A7F-9958-FFDC005B81BC}"
EndProject
Project("{9A19103F-16F7-4668-BE54-9A1E7A4F7556}") = "R5T.T0180", "..\..\R5T.T0180\source\R5T.T0180\R5T.T0180.csproj", "{0115F26E-EF90-4AF7-925A-13606B6EB5A5}"
EndProject
Project("{9A19103F-16F7-4668-BE54-9A1E7A4F7556}") = "R5T.T0181", "..\..\R5T.T0181\source\R5T.T0181\R5T.T0181.csproj", "{2FBF1367-3B12-4C25-9455-6D49B0CF06BA}"
EndProject
Project("{9A19103F-16F7-4668-BE54-9A1E7A4F7556}") = "R5T.T0211", "..\..\R5T.T0211\source\R5T.T0211\R5T.T0211.csproj", "{D77B3BAD-007F-4E01-AA96-C04786E8F9D8}"
EndProject
Project("{9A19103F-16F7-4668-BE54-9A1E7A4F7556}") = "R5T.T0212.F000", "..\..\R5T.T0212\source\R5T.T0212.F000\R5T.T0212.F000.csproj", "{B6A8CF57-A8A4-4924-BE65-A75A38CD1958}"
EndProject
Project("{9A19103F-16F7-4668-BE54-9A1E7A4F7556}") = "R5T.T0212.Z000", "..\..\R5T.T0212\source\R5T.T0212.Z000\R5T.T0212.Z000.csproj", "{97432008-7FEA-46DA-A2CC-67511BA35A3D}"
EndProject
Project("{9A19103F-16F7-4668-BE54-9A1E7A4F7556}") = "R5T.T0213", "..\..\R5T.T0213\source\R5T.T0213\R5T.T0213.csproj", "{D7C03CEC-9191-4145-AF0F-423B2D4542F5}"
EndProject
Project("{9A19103F-16F7-4668-BE54-9A1E7A4F7556}") = "R5T.Y0000", "..\..\R5T.Y0000\source\R5T.Y0000\R5T.Y0000.csproj", "{615A56C1-4CA6-41F4-BFD1-778BCCA210A4}"
EndProject
Project("{9A19103F-16F7-4668-BE54-9A1E7A4F7556}") = "R5T.Z0000", "..\..\R5T.Z0000\source\R5T.Z0000\R5T.Z0000.csproj", "{69459956-C8E1-4F8C-BED4-E0DB8F11B5F8}"
EndProject
Global
	GlobalSection(NestedProjects) = preSolution
		{A459F558-D5A9-454F-A0F7-C3B81AD10B4F} = {5A1333A6-7B43-4DEF-9C35-A31150684010}
		{63A05065-5552-4483-8DEA-361EE8338E18} = {5A1333A6-7B43-4DEF-9C35-A31150684010}
		{E0059B50-EB8F-429A-92B5-DB6CC646ABEA} = {5A1333A6-7B43-4DEF-9C35-A31150684010}
		{A903DF02-E4A8-4EFF-A66D-573645C86EED} = {5A1333A6-7B43-4DEF-9C35-A31150684010}
		{AC98FDC2-A1F0-4758-99C7-869AB6AF8032} = {5A1333A6-7B43-4DEF-9C35-A31150684010}
		{A01838E8-A292-4995-8725-070D84EAC291} = {5A1333A6-7B43-4DEF-9C35-A31150684010}
		{DE92C395-B805-4988-8740-CBCC1D6B87FA} = {5A1333A6-7B43-4DEF-9C35-A31150684010}
		{A155065C-3D0B-437E-BF10-246EE330E16B} = {5A1333A6-7B43-4DEF-9C35-A31150684010}
		{57E2EB1C-2A78-49C0-9F8D-4FAB1C56D0AE} = {5A1333A6-7B43-4DEF-9C35-A31150684010}
		{29A77842-52C5-458E-B41E-C090F89F1D2E} = {5A1333A6-7B43-4DEF-9C35-A31150684010}
		{A49108B9-A74E-4A16-8018-4880E2A9E6AD} = {5A1333A6-7B43-4DEF-9C35-A31150684010}
		{504D7B55-0586-4555-8090-2F40AA20348D} = {5A1333A6-7B43-4DEF-9C35-A31150684010}
		{16C32EAF-5BE9-45FB-BCB6-2A6988C9CA06} = {5A1333A6-7B43-4DEF-9C35-A31150684010}
		{5DF9EE20-A464-496B-8B0E-A2B6A4ECCB3F} = {5A1333A6-7B43-4DEF-9C35-A31150684010}
		{800E4118-8C80-4D03-815C-0AEC4811A6DD} = {5A1333A6-7B43-4DEF-9C35-A31150684010}
		{1C65FC5D-1154-4107-BBE0-251430854318} = {5A1333A6-7B43-4DEF-9C35-A31150684010}
		{815E935D-855B-4911-B9DB-646696E195AD} = {5A1333A6-7B43-4DEF-9C35-A31150684010}
		{69C3CEA4-13BE-4637-B0AE-12174BE9DDD1} = {5A1333A6-7B43-4DEF-9C35-A31150684010}
		{FF28F7B5-3A1E-487E-B17F-674B0677C1B7} = {5A1333A6-7B43-4DEF-9C35-A31150684010}
		{FAF463BA-6151-4356-8810-1DA0C98724F2} = {5A1333A6-7B43-4DEF-9C35-A31150684010}
		{ED171E42-CFE8-40C5-818F-97F8AED87FDF} = {5A1333A6-7B43-4DEF-9C35-A31150684010}
		{2A446CF1-8CA8-408C-B087-8962F130E5F8} = {5A1333A6-7B43-4DEF-9C35-A31150684010}
		{92696BDF-F372-44A6-AB12-96A5B0B327B0} = {5A1333A6-7B43-4DEF-9C35-A31150684010}
		{05BA2D7B-5D7C-4EBD-A7E1-CC64416B14D5} = {5A1333A6-7B43-4DEF-9C35-A31150684010}
		{9ABFE4E9-7548-4633-99CF-FE934BE8750F} = {5A1333A6-7B43-4DEF-9C35-A31150684010}
		{BCE48C5D-587F-497C-B08E-99348F071666} = {5A1333A6-7B43-4DEF-9C35-A31150684010}
		{DD5BED78-1162-401B-92E6-9CD0B1180026} = {5A1333A6-7B43-4DEF-9C35-A31150684010}
		{F2ABE6AC-226D-4A7F-9958-FFDC005B81BC} = {5A1333A6-7B43-4DEF-9C35-A31150684010}
		{0115F26E-EF90-4AF7-925A-13606B6EB5A5} = {5A1333A6-7B43-4DEF-9C35-A31150684010}
		{2FBF1367-3B12-4C25-9455-6D49B0CF06BA} = {5A1333A6-7B43-4DEF-9C35-A31150684010}
		{D77B3BAD-007F-4E01-AA96-C04786E8F9D8} = {5A1333A6-7B43-4DEF-9C35-A31150684010}
		{B6A8CF57-A8A4-4924-BE65-A75A38CD1958} = {5A1333A6-7B43-4DEF-9C35-A31150684010}
		{97432008-7FEA-46DA-A2CC-67511BA35A3D} = {5A1333A6-7B43-4DEF-9C35-A31150684010}
		{D7C03CEC-9191-4145-AF0F-423B2D4542F5} = {5A1333A6-7B43-4DEF-9C35-A31150684010}
		{615A56C1-4CA6-41F4-BFD1-778BCCA210A4} = {5A1333A6-7B43-4DEF-9C35-A31150684010}
		{69459956-C8E1-4F8C-BED4-E0DB8F11B5F8} = {5A1333A6-7B43-4DEF-9C35-A31150684010}
	EndGlobalSection
	GlobalSection(SolutionConfigurationPlatforms) = preSolution
		Debug|Any CPU = Debug|Any CPU
		Release|Any CPU = Release|Any CPU
	EndGlobalSection
	GlobalSection(ProjectConfigurationPlatforms) = postSolution
		{A2EE0A22-448B-4C1E-B2F0-7604F85A30B8}.Debug|Any CPU.ActiveCfg = Debug|Any CPU
		{A2EE0A22-448B-4C1E-B2F0-7604F85A30B8}.Debug|Any CPU.Build.0 = Debug|Any CPU
		{A2EE0A22-448B-4C1E-B2F0-7604F85A30B8}.Release|Any CPU.ActiveCfg = Release|Any CPU
		{A2EE0A22-448B-4C1E-B2F0-7604F85A30B8}.Release|Any CPU.Build.0 = Release|Any CPU
		{A459F558-D5A9-454F-A0F7-C3B81AD10B4F}.Debug|Any CPU.ActiveCfg = Debug|Any CPU
		{A459F558-D5A9-454F-A0F7-C3B81AD10B4F}.Debug|Any CPU.Build.0 = Debug|Any CPU
		{A459F558-D5A9-454F-A0F7-C3B81AD10B4F}.Release|Any CPU.ActiveCfg = Release|Any CPU
		{A459F558-D5A9-454F-A0F7-C3B81AD10B4F}.Release|Any CPU.Build.0 = Release|Any CPU
		{63A05065-5552-4483-8DEA-361EE8338E18}.Debug|Any CPU.ActiveCfg = Debug|Any CPU
		{63A05065-5552-4483-8DEA-361EE8338E18}.Debug|Any CPU.Build.0 = Debug|Any CPU
		{63A05065-5552-4483-8DEA-361EE8338E18}.Release|Any CPU.ActiveCfg = Release|Any CPU
		{63A05065-5552-4483-8DEA-361EE8338E18}.Release|Any CPU.Build.0 = Release|Any CPU
		{E0059B50-EB8F-429A-92B5-DB6CC646ABEA}.Debug|Any CPU.ActiveCfg = Debug|Any CPU
		{E0059B50-EB8F-429A-92B5-DB6CC646ABEA}.Debug|Any CPU.Build.0 = Debug|Any CPU
		{E0059B50-EB8F-429A-92B5-DB6CC646ABEA}.Release|Any CPU.ActiveCfg = Release|Any CPU
		{E0059B50-EB8F-429A-92B5-DB6CC646ABEA}.Release|Any CPU.Build.0 = Release|Any CPU
		{A903DF02-E4A8-4EFF-A66D-573645C86EED}.Debug|Any CPU.ActiveCfg = Debug|Any CPU
		{A903DF02-E4A8-4EFF-A66D-573645C86EED}.Debug|Any CPU.Build.0 = Debug|Any CPU
		{A903DF02-E4A8-4EFF-A66D-573645C86EED}.Release|Any CPU.ActiveCfg = Release|Any CPU
		{A903DF02-E4A8-4EFF-A66D-573645C86EED}.Release|Any CPU.Build.0 = Release|Any CPU
		{AC98FDC2-A1F0-4758-99C7-869AB6AF8032}.Debug|Any CPU.ActiveCfg = Debug|Any CPU
		{AC98FDC2-A1F0-4758-99C7-869AB6AF8032}.Debug|Any CPU.Build.0 = Debug|Any CPU
		{AC98FDC2-A1F0-4758-99C7-869AB6AF8032}.Release|Any CPU.ActiveCfg = Release|Any CPU
		{AC98FDC2-A1F0-4758-99C7-869AB6AF8032}.Release|Any CPU.Build.0 = Release|Any CPU
		{A01838E8-A292-4995-8725-070D84EAC291}.Debug|Any CPU.ActiveCfg = Debug|Any CPU
		{A01838E8-A292-4995-8725-070D84EAC291}.Debug|Any CPU.Build.0 = Debug|Any CPU
		{A01838E8-A292-4995-8725-070D84EAC291}.Release|Any CPU.ActiveCfg = Release|Any CPU
		{A01838E8-A292-4995-8725-070D84EAC291}.Release|Any CPU.Build.0 = Release|Any CPU
		{DE92C395-B805-4988-8740-CBCC1D6B87FA}.Debug|Any CPU.ActiveCfg = Debug|Any CPU
		{DE92C395-B805-4988-8740-CBCC1D6B87FA}.Debug|Any CPU.Build.0 = Debug|Any CPU
		{DE92C395-B805-4988-8740-CBCC1D6B87FA}.Release|Any CPU.ActiveCfg = Release|Any CPU
		{DE92C395-B805-4988-8740-CBCC1D6B87FA}.Release|Any CPU.Build.0 = Release|Any CPU
		{A155065C-3D0B-437E-BF10-246EE330E16B}.Debug|Any CPU.ActiveCfg = Debug|Any CPU
		{A155065C-3D0B-437E-BF10-246EE330E16B}.Debug|Any CPU.Build.0 = Debug|Any CPU
		{A155065C-3D0B-437E-BF10-246EE330E16B}.Release|Any CPU.ActiveCfg = Release|Any CPU
		{A155065C-3D0B-437E-BF10-246EE330E16B}.Release|Any CPU.Build.0 = Release|Any CPU
		{57E2EB1C-2A78-49C0-9F8D-4FAB1C56D0AE}.Debug|Any CPU.ActiveCfg = Debug|Any CPU
		{57E2EB1C-2A78-49C0-9F8D-4FAB1C56D0AE}.Debug|Any CPU.Build.0 = Debug|Any CPU
		{57E2EB1C-2A78-49C0-9F8D-4FAB1C56D0AE}.Release|Any CPU.ActiveCfg = Release|Any CPU
		{57E2EB1C-2A78-49C0-9F8D-4FAB1C56D0AE}.Release|Any CPU.Build.0 = Release|Any CPU
		{29A77842-52C5-458E-B41E-C090F89F1D2E}.Debug|Any CPU.ActiveCfg = Debug|Any CPU
		{29A77842-52C5-458E-B41E-C090F89F1D2E}.Debug|Any CPU.Build.0 = Debug|Any CPU
		{29A77842-52C5-458E-B41E-C090F89F1D2E}.Release|Any CPU.ActiveCfg = Release|Any CPU
		{29A77842-52C5-458E-B41E-C090F89F1D2E}.Release|Any CPU.Build.0 = Release|Any CPU
		{A49108B9-A74E-4A16-8018-4880E2A9E6AD}.Debug|Any CPU.ActiveCfg = Debug|Any CPU
		{A49108B9-A74E-4A16-8018-4880E2A9E6AD}.Debug|Any CPU.Build.0 = Debug|Any CPU
		{A49108B9-A74E-4A16-8018-4880E2A9E6AD}.Release|Any CPU.ActiveCfg = Release|Any CPU
		{A49108B9-A74E-4A16-8018-4880E2A9E6AD}.Release|Any CPU.Build.0 = Release|Any CPU
		{504D7B55-0586-4555-8090-2F40AA20348D}.Debug|Any CPU.ActiveCfg = Debug|Any CPU
		{504D7B55-0586-4555-8090-2F40AA20348D}.Debug|Any CPU.Build.0 = Debug|Any CPU
		{504D7B55-0586-4555-8090-2F40AA20348D}.Release|Any CPU.ActiveCfg = Release|Any CPU
		{504D7B55-0586-4555-8090-2F40AA20348D}.Release|Any CPU.Build.0 = Release|Any CPU
		{16C32EAF-5BE9-45FB-BCB6-2A6988C9CA06}.Debug|Any CPU.ActiveCfg = Debug|Any CPU
		{16C32EAF-5BE9-45FB-BCB6-2A6988C9CA06}.Debug|Any CPU.Build.0 = Debug|Any CPU
		{16C32EAF-5BE9-45FB-BCB6-2A6988C9CA06}.Release|Any CPU.ActiveCfg = Release|Any CPU
		{16C32EAF-5BE9-45FB-BCB6-2A6988C9CA06}.Release|Any CPU.Build.0 = Release|Any CPU
		{5DF9EE20-A464-496B-8B0E-A2B6A4ECCB3F}.Debug|Any CPU.ActiveCfg = Debug|Any CPU
		{5DF9EE20-A464-496B-8B0E-A2B6A4ECCB3F}.Debug|Any CPU.Build.0 = Debug|Any CPU
		{5DF9EE20-A464-496B-8B0E-A2B6A4ECCB3F}.Release|Any CPU.ActiveCfg = Release|Any CPU
		{5DF9EE20-A464-496B-8B0E-A2B6A4ECCB3F}.Release|Any CPU.Build.0 = Release|Any CPU
		{800E4118-8C80-4D03-815C-0AEC4811A6DD}.Debug|Any CPU.ActiveCfg = Debug|Any CPU
		{800E4118-8C80-4D03-815C-0AEC4811A6DD}.Debug|Any CPU.Build.0 = Debug|Any CPU
		{800E4118-8C80-4D03-815C-0AEC4811A6DD}.Release|Any CPU.ActiveCfg = Release|Any CPU
		{800E4118-8C80-4D03-815C-0AEC4811A6DD}.Release|Any CPU.Build.0 = Release|Any CPU
		{1C65FC5D-1154-4107-BBE0-251430854318}.Debug|Any CPU.ActiveCfg = Debug|Any CPU
		{1C65FC5D-1154-4107-BBE0-251430854318}.Debug|Any CPU.Build.0 = Debug|Any CPU
		{1C65FC5D-1154-4107-BBE0-251430854318}.Release|Any CPU.ActiveCfg = Release|Any CPU
		{1C65FC5D-1154-4107-BBE0-251430854318}.Release|Any CPU.Build.0 = Release|Any CPU
		{815E935D-855B-4911-B9DB-646696E195AD}.Debug|Any CPU.ActiveCfg = Debug|Any CPU
		{815E935D-855B-4911-B9DB-646696E195AD}.Debug|Any CPU.Build.0 = Debug|Any CPU
		{815E935D-855B-4911-B9DB-646696E195AD}.Release|Any CPU.ActiveCfg = Release|Any CPU
		{815E935D-855B-4911-B9DB-646696E195AD}.Release|Any CPU.Build.0 = Release|Any CPU
		{69C3CEA4-13BE-4637-B0AE-12174BE9DDD1}.Debug|Any CPU.ActiveCfg = Debug|Any CPU
		{69C3CEA4-13BE-4637-B0AE-12174BE9DDD1}.Debug|Any CPU.Build.0 = Debug|Any CPU
		{69C3CEA4-13BE-4637-B0AE-12174BE9DDD1}.Release|Any CPU.ActiveCfg = Release|Any CPU
		{69C3CEA4-13BE-4637-B0AE-12174BE9DDD1}.Release|Any CPU.Build.0 = Release|Any CPU
		{FF28F7B5-3A1E-487E-B17F-674B0677C1B7}.Debug|Any CPU.ActiveCfg = Debug|Any CPU
		{FF28F7B5-3A1E-487E-B17F-674B0677C1B7}.Debug|Any CPU.Build.0 = Debug|Any CPU
		{FF28F7B5-3A1E-487E-B17F-674B0677C1B7}.Release|Any CPU.ActiveCfg = Release|Any CPU
		{FF28F7B5-3A1E-487E-B17F-674B0677C1B7}.Release|Any CPU.Build.0 = Release|Any CPU
		{FAF463BA-6151-4356-8810-1DA0C98724F2}.Debug|Any CPU.ActiveCfg = Debug|Any CPU
		{FAF463BA-6151-4356-8810-1DA0C98724F2}.Debug|Any CPU.Build.0 = Debug|Any CPU
		{FAF463BA-6151-4356-8810-1DA0C98724F2}.Release|Any CPU.ActiveCfg = Release|Any CPU
		{FAF463BA-6151-4356-8810-1DA0C98724F2}.Release|Any CPU.Build.0 = Release|Any CPU
		{ED171E42-CFE8-40C5-818F-97F8AED87FDF}.Debug|Any CPU.ActiveCfg = Debug|Any CPU
		{ED171E42-CFE8-40C5-818F-97F8AED87FDF}.Debug|Any CPU.Build.0 = Debug|Any CPU
		{ED171E42-CFE8-40C5-818F-97F8AED87FDF}.Release|Any CPU.ActiveCfg = Release|Any CPU
		{ED171E42-CFE8-40C5-818F-97F8AED87FDF}.Release|Any CPU.Build.0 = Release|Any CPU
		{2A446CF1-8CA8-408C-B087-8962F130E5F8}.Debug|Any CPU.ActiveCfg = Debug|Any CPU
		{2A446CF1-8CA8-408C-B087-8962F130E5F8}.Debug|Any CPU.Build.0 = Debug|Any CPU
		{2A446CF1-8CA8-408C-B087-8962F130E5F8}.Release|Any CPU.ActiveCfg = Release|Any CPU
		{2A446CF1-8CA8-408C-B087-8962F130E5F8}.Release|Any CPU.Build.0 = Release|Any CPU
		{92696BDF-F372-44A6-AB12-96A5B0B327B0}.Debug|Any CPU.ActiveCfg = Debug|Any CPU
		{92696BDF-F372-44A6-AB12-96A5B0B327B0}.Debug|Any CPU.Build.0 = Debug|Any CPU
		{92696BDF-F372-44A6-AB12-96A5B0B327B0}.Release|Any CPU.ActiveCfg = Release|Any CPU
		{92696BDF-F372-44A6-AB12-96A5B0B327B0}.Release|Any CPU.Build.0 = Release|Any CPU
		{05BA2D7B-5D7C-4EBD-A7E1-CC64416B14D5}.Debug|Any CPU.ActiveCfg = Debug|Any CPU
		{05BA2D7B-5D7C-4EBD-A7E1-CC64416B14D5}.Debug|Any CPU.Build.0 = Debug|Any CPU
		{05BA2D7B-5D7C-4EBD-A7E1-CC64416B14D5}.Release|Any CPU.ActiveCfg = Release|Any CPU
		{05BA2D7B-5D7C-4EBD-A7E1-CC64416B14D5}.Release|Any CPU.Build.0 = Release|Any CPU
		{9ABFE4E9-7548-4633-99CF-FE934BE8750F}.Debug|Any CPU.ActiveCfg = Debug|Any CPU
		{9ABFE4E9-7548-4633-99CF-FE934BE8750F}.Debug|Any CPU.Build.0 = Debug|Any CPU
		{9ABFE4E9-7548-4633-99CF-FE934BE8750F}.Release|Any CPU.ActiveCfg = Release|Any CPU
		{9ABFE4E9-7548-4633-99CF-FE934BE8750F}.Release|Any CPU.Build.0 = Release|Any CPU
		{BCE48C5D-587F-497C-B08E-99348F071666}.Debug|Any CPU.ActiveCfg = Debug|Any CPU
		{BCE48C5D-587F-497C-B08E-99348F071666}.Debug|Any CPU.Build.0 = Debug|Any CPU
		{BCE48C5D-587F-497C-B08E-99348F071666}.Release|Any CPU.ActiveCfg = Release|Any CPU
		{BCE48C5D-587F-497C-B08E-99348F071666}.Release|Any CPU.Build.0 = Release|Any CPU
		{DD5BED78-1162-401B-92E6-9CD0B1180026}.Debug|Any CPU.ActiveCfg = Debug|Any CPU
		{DD5BED78-1162-401B-92E6-9CD0B1180026}.Debug|Any CPU.Build.0 = Debug|Any CPU
		{DD5BED78-1162-401B-92E6-9CD0B1180026}.Release|Any CPU.ActiveCfg = Release|Any CPU
		{DD5BED78-1162-401B-92E6-9CD0B1180026}.Release|Any CPU.Build.0 = Release|Any CPU
		{F2ABE6AC-226D-4A7F-9958-FFDC005B81BC}.Debug|Any CPU.ActiveCfg = Debug|Any CPU
		{F2ABE6AC-226D-4A7F-9958-FFDC005B81BC}.Debug|Any CPU.Build.0 = Debug|Any CPU
		{F2ABE6AC-226D-4A7F-9958-FFDC005B81BC}.Release|Any CPU.ActiveCfg = Release|Any CPU
		{F2ABE6AC-226D-4A7F-9958-FFDC005B81BC}.Release|Any CPU.Build.0 = Release|Any CPU
		{0115F26E-EF90-4AF7-925A-13606B6EB5A5}.Debug|Any CPU.ActiveCfg = Debug|Any CPU
		{0115F26E-EF90-4AF7-925A-13606B6EB5A5}.Debug|Any CPU.Build.0 = Debug|Any CPU
		{0115F26E-EF90-4AF7-925A-13606B6EB5A5}.Release|Any CPU.ActiveCfg = Release|Any CPU
		{0115F26E-EF90-4AF7-925A-13606B6EB5A5}.Release|Any CPU.Build.0 = Release|Any CPU
		{2FBF1367-3B12-4C25-9455-6D49B0CF06BA}.Debug|Any CPU.ActiveCfg = Debug|Any CPU
		{2FBF1367-3B12-4C25-9455-6D49B0CF06BA}.Debug|Any CPU.Build.0 = Debug|Any CPU
		{2FBF1367-3B12-4C25-9455-6D49B0CF06BA}.Release|Any CPU.ActiveCfg = Release|Any CPU
		{2FBF1367-3B12-4C25-9455-6D49B0CF06BA}.Release|Any CPU.Build.0 = Release|Any CPU
		{D77B3BAD-007F-4E01-AA96-C04786E8F9D8}.Debug|Any CPU.ActiveCfg = Debug|Any CPU
		{D77B3BAD-007F-4E01-AA96-C04786E8F9D8}.Debug|Any CPU.Build.0 = Debug|Any CPU
		{D77B3BAD-007F-4E01-AA96-C04786E8F9D8}.Release|Any CPU.ActiveCfg = Release|Any CPU
		{D77B3BAD-007F-4E01-AA96-C04786E8F9D8}.Release|Any CPU.Build.0 = Release|Any CPU
		{B6A8CF57-A8A4-4924-BE65-A75A38CD1958}.Debug|Any CPU.ActiveCfg = Debug|Any CPU
		{B6A8CF57-A8A4-4924-BE65-A75A38CD1958}.Debug|Any CPU.Build.0 = Debug|Any CPU
		{B6A8CF57-A8A4-4924-BE65-A75A38CD1958}.Release|Any CPU.ActiveCfg = Release|Any CPU
		{B6A8CF57-A8A4-4924-BE65-A75A38CD1958}.Release|Any CPU.Build.0 = Release|Any CPU
		{97432008-7FEA-46DA-A2CC-67511BA35A3D}.Debug|Any CPU.ActiveCfg = Debug|Any CPU
		{97432008-7FEA-46DA-A2CC-67511BA35A3D}.Debug|Any CPU.Build.0 = Debug|Any CPU
		{97432008-7FEA-46DA-A2CC-67511BA35A3D}.Release|Any CPU.ActiveCfg = Release|Any CPU
		{97432008-7FEA-46DA-A2CC-67511BA35A3D}.Release|Any CPU.Build.0 = Release|Any CPU
		{D7C03CEC-9191-4145-AF0F-423B2D4542F5}.Debug|Any CPU.ActiveCfg = Debug|Any CPU
		{D7C03CEC-9191-4145-AF0F-423B2D4542F5}.Debug|Any CPU.Build.0 = Debug|Any CPU
		{D7C03CEC-9191-4145-AF0F-423B2D4542F5}.Release|Any CPU.ActiveCfg = Release|Any CPU
		{D7C03CEC-9191-4145-AF0F-423B2D4542F5}.Release|Any CPU.Build.0 = Release|Any CPU
		{615A56C1-4CA6-41F4-BFD1-778BCCA210A4}.Debug|Any CPU.ActiveCfg = Debug|Any CPU
		{615A56C1-4CA6-41F4-BFD1-778BCCA210A4}.Debug|Any CPU.Build.0 = Debug|Any CPU
		{615A56C1-4CA6-41F4-BFD1-778BCCA210A4}.Release|Any CPU.ActiveCfg = Release|Any CPU
		{615A56C1-4CA6-41F4-BFD1-778BCCA210A4}.Release|Any CPU.Build.0 = Release|Any CPU
		{69459956-C8E1-4F8C-BED4-E0DB8F11B5F8}.Debug|Any CPU.ActiveCfg = Debug|Any CPU
		{69459956-C8E1-4F8C-BED4-E0DB8F11B5F8}.Debug|Any CPU.Build.0 = Debug|Any CPU
		{69459956-C8E1-4F8C-BED4-E0DB8F11B5F8}.Release|Any CPU.ActiveCfg = Release|Any CPU
		{69459956-C8E1-4F8C-BED4-E0DB8F11B5F8}.Release|Any CPU.Build.0 = Release|Any CPU
	EndGlobalSection
	GlobalSection(SolutionProperties) = preSolution
		HideSolutionNode = FALSE
	EndGlobalSection
	GlobalSection(ExtensibilityGlobals) = postSolution
		SolutionGuid = {8D4E12AA-84EB-4B95-86BD-3387BD3CBC52}
	EndGlobalSection
EndGlobal
