
Microsoft Visual Studio Solution File, Format Version 12.00
# Visual Studio Version 17
VisualStudioVersion = 17.2.32630.192
MinimumVisualStudioVersion = 10.0.40219.1
Project("{9A19103F-16F7-4668-BE54-9A1E7A4F7556}") = "R5T.Z0056.Construction", "R5T.Z0056.Construction\R5T.Z0056.Construction.csproj", "{3D2FB9B1-21FA-4987-A7C6-0862AC2BEBD4}"
EndProject
Project("{9A19103F-16F7-4668-BE54-9A1E7A4F7556}") = "R5T.Z0056", "R5T.Z0056\R5T.Z0056.csproj", "{B4BA4E89-BBB9-455D-A7A0-3673FD1DF30D}"
EndProject
Project("{2150E333-8FDC-42A3-9474-1A3956D46DE8}") = "_Dependencies", "_Dependencies", "{CC4EDF0F-AA82-4859-994C-560AD2569B27}"
EndProject
Project("{9A19103F-16F7-4668-BE54-9A1E7A4F7556}") = "R5T.T0131", "..\..\R5T.T0131\source\R5T.T0131\R5T.T0131.csproj", "{2B6F7B67-F0D6-4D23-ACB5-E055823C8AAE}"
EndProject
Project("{9A19103F-16F7-4668-BE54-9A1E7A4F7556}") = "R5T.T0143", "..\..\R5T.T0143\source\R5T.T0143\R5T.T0143.csproj", "{383594CA-AA05-4542-A20D-46F41DB2ED74}"
EndProject
Project("{9A19103F-16F7-4668-BE54-9A1E7A4F7556}") = "R5T.T0132", "..\..\R5T.T0132\source\R5T.T0132\R5T.T0132.csproj", "{20487B7F-A250-4464-91E5-5349A180E0A1}"
EndProject
Project("{9A19103F-16F7-4668-BE54-9A1E7A4F7556}") = "R5T.T0178", "..\..\R5T.T0178\source\R5T.T0178\R5T.T0178.csproj", "{5C8650BF-8819-460A-879B-2E8620339443}"
EndProject
Project("{9A19103F-16F7-4668-BE54-9A1E7A4F7556}") = "R5T.T0179", "..\..\R5T.T0179\source\R5T.T0179\R5T.T0179.csproj", "{0EBA2627-2ABC-4D5B-B301-7A67C176C6F1}"
EndProject
Project("{9A19103F-16F7-4668-BE54-9A1E7A4F7556}") = "R5T.T0185", "..\..\R5T.T0185\source\R5T.T0185\R5T.T0185.csproj", "{5FCC43B7-0D65-46BB-9230-93144C36E7FE}"
EndProject
Project("{9A19103F-16F7-4668-BE54-9A1E7A4F7556}") = "R5T.T0203", "..\..\R5T.T0203\source\R5T.T0203\R5T.T0203.csproj", "{2792D795-81C0-4C2D-8C9C-49838B6C31AF}"
EndProject
Project("{9A19103F-16F7-4668-BE54-9A1E7A4F7556}") = "R5T.T0212", "..\..\R5T.T0212\source\R5T.T0212\R5T.T0212.csproj", "{B386A047-CAD7-4706-9A08-0424C292E35A}"
EndProject
Project("{9A19103F-16F7-4668-BE54-9A1E7A4F7556}") = "R5T.Z0055", "..\..\R5T.Z0055\source\R5T.Z0055\R5T.Z0055.csproj", "{F268171D-F412-450A-B159-7854A473EC2B}"
EndProject
Project("{9A19103F-16F7-4668-BE54-9A1E7A4F7556}") = "R5T.F0000", "..\..\R5T.F0000\source\R5T.F0000\R5T.F0000.csproj", "{162DBA53-7E35-4AC3-B526-1058D6D6EAAB}"
EndProject
Project("{9A19103F-16F7-4668-BE54-9A1E7A4F7556}") = "R5T.F0002", "..\..\R5T.F0002\source\R5T.F0002\R5T.F0002.csproj", "{D95EB07F-AC34-4A98-8B03-3FCDC034E9E1}"
EndProject
Project("{9A19103F-16F7-4668-BE54-9A1E7A4F7556}") = "R5T.F0120", "..\..\R5T.F0120\source\R5T.F0120\R5T.F0120.csproj", "{4F3CF888-6AA7-43EB-A195-9FEF075561E5}"
EndProject
Project("{9A19103F-16F7-4668-BE54-9A1E7A4F7556}") = "R5T.F0124", "..\..\R5T.F0124\source\R5T.F0124\R5T.F0124.csproj", "{8DF37CEF-5075-4FA7-9A0F-65DB9A9F56D7}"
EndProject
Project("{9A19103F-16F7-4668-BE54-9A1E7A4F7556}") = "R5T.F0125", "..\..\R5T.F0125\source\R5T.F0125\R5T.F0125.csproj", "{51765B14-ABF4-4144-A04C-3E01965626CA}"
EndProject
Project("{9A19103F-16F7-4668-BE54-9A1E7A4F7556}") = "R5T.L0030.T000", "..\..\R5T.L0030\source\R5T.L0030.T000\R5T.L0030.T000.csproj", "{676133A3-F346-4624-AEB4-0C29D89C3BC5}"
EndProject
Project("{9A19103F-16F7-4668-BE54-9A1E7A4F7556}") = "R5T.L0030", "..\..\R5T.L0030\source\R5T.L0030\R5T.L0030.csproj", "{2754BF1A-223B-4B72-A2E7-A3599BCBAE03}"
EndProject
Project("{9A19103F-16F7-4668-BE54-9A1E7A4F7556}") = "R5T.L0034", "..\..\R5T.L0034\source\R5T.L0034\R5T.L0034.csproj", "{70A27B9C-3644-42CE-B54C-1FEC039F82B7}"
EndProject
Project("{9A19103F-16F7-4668-BE54-9A1E7A4F7556}") = "R5T.L0035", "..\..\R5T.L0035\source\R5T.L0035\R5T.L0035.csproj", "{C8C969A8-95E3-485D-9870-6F8A43659887}"
EndProject
Project("{9A19103F-16F7-4668-BE54-9A1E7A4F7556}") = "R5T.NG0022", "..\..\R5T.NG0022\source\R5T.NG0022\R5T.NG0022.csproj", "{FEF78C04-6CE7-4F93-8A9B-566AB4EFEADF}"
EndProject
Project("{9A19103F-16F7-4668-BE54-9A1E7A4F7556}") = "R5T.T0142", "..\..\R5T.T0142\source\R5T.T0142\R5T.T0142.csproj", "{7CFC467F-1C8B-4F6A-9409-2DE108496A56}"
EndProject
Project("{9A19103F-16F7-4668-BE54-9A1E7A4F7556}") = "R5T.T0150", "..\..\R5T.T0150\source\R5T.T0150\R5T.T0150.csproj", "{35B368E2-31F5-4F62-BD7B-8E5F2CCE10E7}"
EndProject
Project("{9A19103F-16F7-4668-BE54-9A1E7A4F7556}") = "R5T.T0151", "..\..\R5T.T0151\source\R5T.T0151\R5T.T0151.csproj", "{7C60DF73-394F-4D94-9488-63C2E0126135}"
EndProject
Project("{9A19103F-16F7-4668-BE54-9A1E7A4F7556}") = "R5T.T0156", "..\..\R5T.T0156\source\R5T.T0156\R5T.T0156.csproj", "{A9358E27-5856-41E6-A18A-EE39F9F8C09E}"
EndProject
Project("{9A19103F-16F7-4668-BE54-9A1E7A4F7556}") = "R5T.T0162", "..\..\R5T.T0162\source\R5T.T0162\R5T.T0162.csproj", "{CC1B8260-AAA4-4137-B21B-AC21211FBF3B}"
EndProject
Project("{9A19103F-16F7-4668-BE54-9A1E7A4F7556}") = "R5T.T0172", "..\..\R5T.T0172\source\R5T.T0172\R5T.T0172.csproj", "{9A2249C9-AF92-410D-8F27-61177B93A181}"
EndProject
Project("{9A19103F-16F7-4668-BE54-9A1E7A4F7556}") = "R5T.T0174", "..\..\R5T.T0174\source\R5T.T0174\R5T.T0174.csproj", "{AB53751E-F659-4C4A-97BD-7BBD8B06ED6A}"
EndProject
Project("{9A19103F-16F7-4668-BE54-9A1E7A4F7556}") = "R5T.T0176", "..\..\R5T.T0176\source\R5T.T0176\R5T.T0176.csproj", "{AAAA4E40-D284-49E8-978F-DC00A07C382C}"
EndProject
Project("{9A19103F-16F7-4668-BE54-9A1E7A4F7556}") = "R5T.T0177", "..\..\R5T.T0177\source\R5T.T0177\R5T.T0177.csproj", "{9BD04D99-3F39-4F9B-B552-0B74054326C6}"
EndProject
Project("{9A19103F-16F7-4668-BE54-9A1E7A4F7556}") = "R5T.T0180", "..\..\R5T.T0180\source\R5T.T0180\R5T.T0180.csproj", "{02459AD8-7500-49ED-ADF2-AE0F666FD4BB}"
EndProject
Project("{9A19103F-16F7-4668-BE54-9A1E7A4F7556}") = "R5T.T0181", "..\..\R5T.T0181\source\R5T.T0181\R5T.T0181.csproj", "{0388EFA7-95A6-4A62-9B26-4F7FC3239C86}"
EndProject
Project("{9A19103F-16F7-4668-BE54-9A1E7A4F7556}") = "R5T.T0211", "..\..\R5T.T0211\source\R5T.T0211\R5T.T0211.csproj", "{F2C0B4F3-D9E7-4A00-8468-45EF8D8161DC}"
EndProject
Project("{9A19103F-16F7-4668-BE54-9A1E7A4F7556}") = "R5T.T0212.F000", "..\..\R5T.T0212\source\R5T.T0212.F000\R5T.T0212.F000.csproj", "{4E48FD10-18B8-4622-A036-325764523AA8}"
EndProject
Project("{9A19103F-16F7-4668-BE54-9A1E7A4F7556}") = "R5T.T0212.Z000", "..\..\R5T.T0212\source\R5T.T0212.Z000\R5T.T0212.Z000.csproj", "{48F15398-02EE-467C-99BC-CC69925C3F57}"
EndProject
Project("{9A19103F-16F7-4668-BE54-9A1E7A4F7556}") = "R5T.T0213", "..\..\R5T.T0213\source\R5T.T0213\R5T.T0213.csproj", "{2DBA94E4-E89D-43B3-B0CF-5FE58B138704}"
EndProject
Project("{9A19103F-16F7-4668-BE54-9A1E7A4F7556}") = "R5T.Y0000", "..\..\R5T.Y0000\source\R5T.Y0000\R5T.Y0000.csproj", "{23A3D9E5-055B-4081-829F-6B792780E313}"
EndProject
Project("{9A19103F-16F7-4668-BE54-9A1E7A4F7556}") = "R5T.Z0000", "..\..\R5T.Z0000\source\R5T.Z0000\R5T.Z0000.csproj", "{45C8C9C2-B496-4090-83BF-A2A0CFE216EF}"
EndProject
Global
	GlobalSection(NestedProjects) = preSolution
		{2B6F7B67-F0D6-4D23-ACB5-E055823C8AAE} = {CC4EDF0F-AA82-4859-994C-560AD2569B27}
		{383594CA-AA05-4542-A20D-46F41DB2ED74} = {CC4EDF0F-AA82-4859-994C-560AD2569B27}
		{20487B7F-A250-4464-91E5-5349A180E0A1} = {CC4EDF0F-AA82-4859-994C-560AD2569B27}
		{5C8650BF-8819-460A-879B-2E8620339443} = {CC4EDF0F-AA82-4859-994C-560AD2569B27}
		{0EBA2627-2ABC-4D5B-B301-7A67C176C6F1} = {CC4EDF0F-AA82-4859-994C-560AD2569B27}
		{5FCC43B7-0D65-46BB-9230-93144C36E7FE} = {CC4EDF0F-AA82-4859-994C-560AD2569B27}
		{2792D795-81C0-4C2D-8C9C-49838B6C31AF} = {CC4EDF0F-AA82-4859-994C-560AD2569B27}
		{B386A047-CAD7-4706-9A08-0424C292E35A} = {CC4EDF0F-AA82-4859-994C-560AD2569B27}
		{F268171D-F412-450A-B159-7854A473EC2B} = {CC4EDF0F-AA82-4859-994C-560AD2569B27}
		{162DBA53-7E35-4AC3-B526-1058D6D6EAAB} = {CC4EDF0F-AA82-4859-994C-560AD2569B27}
		{D95EB07F-AC34-4A98-8B03-3FCDC034E9E1} = {CC4EDF0F-AA82-4859-994C-560AD2569B27}
		{4F3CF888-6AA7-43EB-A195-9FEF075561E5} = {CC4EDF0F-AA82-4859-994C-560AD2569B27}
		{8DF37CEF-5075-4FA7-9A0F-65DB9A9F56D7} = {CC4EDF0F-AA82-4859-994C-560AD2569B27}
		{51765B14-ABF4-4144-A04C-3E01965626CA} = {CC4EDF0F-AA82-4859-994C-560AD2569B27}
		{676133A3-F346-4624-AEB4-0C29D89C3BC5} = {CC4EDF0F-AA82-4859-994C-560AD2569B27}
		{2754BF1A-223B-4B72-A2E7-A3599BCBAE03} = {CC4EDF0F-AA82-4859-994C-560AD2569B27}
		{70A27B9C-3644-42CE-B54C-1FEC039F82B7} = {CC4EDF0F-AA82-4859-994C-560AD2569B27}
		{C8C969A8-95E3-485D-9870-6F8A43659887} = {CC4EDF0F-AA82-4859-994C-560AD2569B27}
		{FEF78C04-6CE7-4F93-8A9B-566AB4EFEADF} = {CC4EDF0F-AA82-4859-994C-560AD2569B27}
		{7CFC467F-1C8B-4F6A-9409-2DE108496A56} = {CC4EDF0F-AA82-4859-994C-560AD2569B27}
		{35B368E2-31F5-4F62-BD7B-8E5F2CCE10E7} = {CC4EDF0F-AA82-4859-994C-560AD2569B27}
		{7C60DF73-394F-4D94-9488-63C2E0126135} = {CC4EDF0F-AA82-4859-994C-560AD2569B27}
		{A9358E27-5856-41E6-A18A-EE39F9F8C09E} = {CC4EDF0F-AA82-4859-994C-560AD2569B27}
		{CC1B8260-AAA4-4137-B21B-AC21211FBF3B} = {CC4EDF0F-AA82-4859-994C-560AD2569B27}
		{9A2249C9-AF92-410D-8F27-61177B93A181} = {CC4EDF0F-AA82-4859-994C-560AD2569B27}
		{AB53751E-F659-4C4A-97BD-7BBD8B06ED6A} = {CC4EDF0F-AA82-4859-994C-560AD2569B27}
		{AAAA4E40-D284-49E8-978F-DC00A07C382C} = {CC4EDF0F-AA82-4859-994C-560AD2569B27}
		{9BD04D99-3F39-4F9B-B552-0B74054326C6} = {CC4EDF0F-AA82-4859-994C-560AD2569B27}
		{02459AD8-7500-49ED-ADF2-AE0F666FD4BB} = {CC4EDF0F-AA82-4859-994C-560AD2569B27}
		{0388EFA7-95A6-4A62-9B26-4F7FC3239C86} = {CC4EDF0F-AA82-4859-994C-560AD2569B27}
		{F2C0B4F3-D9E7-4A00-8468-45EF8D8161DC} = {CC4EDF0F-AA82-4859-994C-560AD2569B27}
		{4E48FD10-18B8-4622-A036-325764523AA8} = {CC4EDF0F-AA82-4859-994C-560AD2569B27}
		{48F15398-02EE-467C-99BC-CC69925C3F57} = {CC4EDF0F-AA82-4859-994C-560AD2569B27}
		{2DBA94E4-E89D-43B3-B0CF-5FE58B138704} = {CC4EDF0F-AA82-4859-994C-560AD2569B27}
		{23A3D9E5-055B-4081-829F-6B792780E313} = {CC4EDF0F-AA82-4859-994C-560AD2569B27}
		{45C8C9C2-B496-4090-83BF-A2A0CFE216EF} = {CC4EDF0F-AA82-4859-994C-560AD2569B27}
	EndGlobalSection
	GlobalSection(SolutionConfigurationPlatforms) = preSolution
		Debug|Any CPU = Debug|Any CPU
		Release|Any CPU = Release|Any CPU
	EndGlobalSection
	GlobalSection(ProjectConfigurationPlatforms) = postSolution
		{3D2FB9B1-21FA-4987-A7C6-0862AC2BEBD4}.Debug|Any CPU.ActiveCfg = Debug|Any CPU
		{3D2FB9B1-21FA-4987-A7C6-0862AC2BEBD4}.Debug|Any CPU.Build.0 = Debug|Any CPU
		{3D2FB9B1-21FA-4987-A7C6-0862AC2BEBD4}.Release|Any CPU.ActiveCfg = Release|Any CPU
		{3D2FB9B1-21FA-4987-A7C6-0862AC2BEBD4}.Release|Any CPU.Build.0 = Release|Any CPU
		{B4BA4E89-BBB9-455D-A7A0-3673FD1DF30D}.Debug|Any CPU.ActiveCfg = Debug|Any CPU
		{B4BA4E89-BBB9-455D-A7A0-3673FD1DF30D}.Debug|Any CPU.Build.0 = Debug|Any CPU
		{B4BA4E89-BBB9-455D-A7A0-3673FD1DF30D}.Release|Any CPU.ActiveCfg = Release|Any CPU
		{B4BA4E89-BBB9-455D-A7A0-3673FD1DF30D}.Release|Any CPU.Build.0 = Release|Any CPU
		{2B6F7B67-F0D6-4D23-ACB5-E055823C8AAE}.Debug|Any CPU.ActiveCfg = Debug|Any CPU
		{2B6F7B67-F0D6-4D23-ACB5-E055823C8AAE}.Debug|Any CPU.Build.0 = Debug|Any CPU
		{2B6F7B67-F0D6-4D23-ACB5-E055823C8AAE}.Release|Any CPU.ActiveCfg = Release|Any CPU
		{2B6F7B67-F0D6-4D23-ACB5-E055823C8AAE}.Release|Any CPU.Build.0 = Release|Any CPU
		{383594CA-AA05-4542-A20D-46F41DB2ED74}.Debug|Any CPU.ActiveCfg = Debug|Any CPU
		{383594CA-AA05-4542-A20D-46F41DB2ED74}.Debug|Any CPU.Build.0 = Debug|Any CPU
		{383594CA-AA05-4542-A20D-46F41DB2ED74}.Release|Any CPU.ActiveCfg = Release|Any CPU
		{383594CA-AA05-4542-A20D-46F41DB2ED74}.Release|Any CPU.Build.0 = Release|Any CPU
		{20487B7F-A250-4464-91E5-5349A180E0A1}.Debug|Any CPU.ActiveCfg = Debug|Any CPU
		{20487B7F-A250-4464-91E5-5349A180E0A1}.Debug|Any CPU.Build.0 = Debug|Any CPU
		{20487B7F-A250-4464-91E5-5349A180E0A1}.Release|Any CPU.ActiveCfg = Release|Any CPU
		{20487B7F-A250-4464-91E5-5349A180E0A1}.Release|Any CPU.Build.0 = Release|Any CPU
		{5C8650BF-8819-460A-879B-2E8620339443}.Debug|Any CPU.ActiveCfg = Debug|Any CPU
		{5C8650BF-8819-460A-879B-2E8620339443}.Debug|Any CPU.Build.0 = Debug|Any CPU
		{5C8650BF-8819-460A-879B-2E8620339443}.Release|Any CPU.ActiveCfg = Release|Any CPU
		{5C8650BF-8819-460A-879B-2E8620339443}.Release|Any CPU.Build.0 = Release|Any CPU
		{0EBA2627-2ABC-4D5B-B301-7A67C176C6F1}.Debug|Any CPU.ActiveCfg = Debug|Any CPU
		{0EBA2627-2ABC-4D5B-B301-7A67C176C6F1}.Debug|Any CPU.Build.0 = Debug|Any CPU
		{0EBA2627-2ABC-4D5B-B301-7A67C176C6F1}.Release|Any CPU.ActiveCfg = Release|Any CPU
		{0EBA2627-2ABC-4D5B-B301-7A67C176C6F1}.Release|Any CPU.Build.0 = Release|Any CPU
		{5FCC43B7-0D65-46BB-9230-93144C36E7FE}.Debug|Any CPU.ActiveCfg = Debug|Any CPU
		{5FCC43B7-0D65-46BB-9230-93144C36E7FE}.Debug|Any CPU.Build.0 = Debug|Any CPU
		{5FCC43B7-0D65-46BB-9230-93144C36E7FE}.Release|Any CPU.ActiveCfg = Release|Any CPU
		{5FCC43B7-0D65-46BB-9230-93144C36E7FE}.Release|Any CPU.Build.0 = Release|Any CPU
		{2792D795-81C0-4C2D-8C9C-49838B6C31AF}.Debug|Any CPU.ActiveCfg = Debug|Any CPU
		{2792D795-81C0-4C2D-8C9C-49838B6C31AF}.Debug|Any CPU.Build.0 = Debug|Any CPU
		{2792D795-81C0-4C2D-8C9C-49838B6C31AF}.Release|Any CPU.ActiveCfg = Release|Any CPU
		{2792D795-81C0-4C2D-8C9C-49838B6C31AF}.Release|Any CPU.Build.0 = Release|Any CPU
		{B386A047-CAD7-4706-9A08-0424C292E35A}.Debug|Any CPU.ActiveCfg = Debug|Any CPU
		{B386A047-CAD7-4706-9A08-0424C292E35A}.Debug|Any CPU.Build.0 = Debug|Any CPU
		{B386A047-CAD7-4706-9A08-0424C292E35A}.Release|Any CPU.ActiveCfg = Release|Any CPU
		{B386A047-CAD7-4706-9A08-0424C292E35A}.Release|Any CPU.Build.0 = Release|Any CPU
		{F268171D-F412-450A-B159-7854A473EC2B}.Debug|Any CPU.ActiveCfg = Debug|Any CPU
		{F268171D-F412-450A-B159-7854A473EC2B}.Debug|Any CPU.Build.0 = Debug|Any CPU
		{F268171D-F412-450A-B159-7854A473EC2B}.Release|Any CPU.ActiveCfg = Release|Any CPU
		{F268171D-F412-450A-B159-7854A473EC2B}.Release|Any CPU.Build.0 = Release|Any CPU
		{162DBA53-7E35-4AC3-B526-1058D6D6EAAB}.Debug|Any CPU.ActiveCfg = Debug|Any CPU
		{162DBA53-7E35-4AC3-B526-1058D6D6EAAB}.Debug|Any CPU.Build.0 = Debug|Any CPU
		{162DBA53-7E35-4AC3-B526-1058D6D6EAAB}.Release|Any CPU.ActiveCfg = Release|Any CPU
		{162DBA53-7E35-4AC3-B526-1058D6D6EAAB}.Release|Any CPU.Build.0 = Release|Any CPU
		{D95EB07F-AC34-4A98-8B03-3FCDC034E9E1}.Debug|Any CPU.ActiveCfg = Debug|Any CPU
		{D95EB07F-AC34-4A98-8B03-3FCDC034E9E1}.Debug|Any CPU.Build.0 = Debug|Any CPU
		{D95EB07F-AC34-4A98-8B03-3FCDC034E9E1}.Release|Any CPU.ActiveCfg = Release|Any CPU
		{D95EB07F-AC34-4A98-8B03-3FCDC034E9E1}.Release|Any CPU.Build.0 = Release|Any CPU
		{4F3CF888-6AA7-43EB-A195-9FEF075561E5}.Debug|Any CPU.ActiveCfg = Debug|Any CPU
		{4F3CF888-6AA7-43EB-A195-9FEF075561E5}.Debug|Any CPU.Build.0 = Debug|Any CPU
		{4F3CF888-6AA7-43EB-A195-9FEF075561E5}.Release|Any CPU.ActiveCfg = Release|Any CPU
		{4F3CF888-6AA7-43EB-A195-9FEF075561E5}.Release|Any CPU.Build.0 = Release|Any CPU
		{8DF37CEF-5075-4FA7-9A0F-65DB9A9F56D7}.Debug|Any CPU.ActiveCfg = Debug|Any CPU
		{8DF37CEF-5075-4FA7-9A0F-65DB9A9F56D7}.Debug|Any CPU.Build.0 = Debug|Any CPU
		{8DF37CEF-5075-4FA7-9A0F-65DB9A9F56D7}.Release|Any CPU.ActiveCfg = Release|Any CPU
		{8DF37CEF-5075-4FA7-9A0F-65DB9A9F56D7}.Release|Any CPU.Build.0 = Release|Any CPU
		{51765B14-ABF4-4144-A04C-3E01965626CA}.Debug|Any CPU.ActiveCfg = Debug|Any CPU
		{51765B14-ABF4-4144-A04C-3E01965626CA}.Debug|Any CPU.Build.0 = Debug|Any CPU
		{51765B14-ABF4-4144-A04C-3E01965626CA}.Release|Any CPU.ActiveCfg = Release|Any CPU
		{51765B14-ABF4-4144-A04C-3E01965626CA}.Release|Any CPU.Build.0 = Release|Any CPU
		{676133A3-F346-4624-AEB4-0C29D89C3BC5}.Debug|Any CPU.ActiveCfg = Debug|Any CPU
		{676133A3-F346-4624-AEB4-0C29D89C3BC5}.Debug|Any CPU.Build.0 = Debug|Any CPU
		{676133A3-F346-4624-AEB4-0C29D89C3BC5}.Release|Any CPU.ActiveCfg = Release|Any CPU
		{676133A3-F346-4624-AEB4-0C29D89C3BC5}.Release|Any CPU.Build.0 = Release|Any CPU
		{2754BF1A-223B-4B72-A2E7-A3599BCBAE03}.Debug|Any CPU.ActiveCfg = Debug|Any CPU
		{2754BF1A-223B-4B72-A2E7-A3599BCBAE03}.Debug|Any CPU.Build.0 = Debug|Any CPU
		{2754BF1A-223B-4B72-A2E7-A3599BCBAE03}.Release|Any CPU.ActiveCfg = Release|Any CPU
		{2754BF1A-223B-4B72-A2E7-A3599BCBAE03}.Release|Any CPU.Build.0 = Release|Any CPU
		{70A27B9C-3644-42CE-B54C-1FEC039F82B7}.Debug|Any CPU.ActiveCfg = Debug|Any CPU
		{70A27B9C-3644-42CE-B54C-1FEC039F82B7}.Debug|Any CPU.Build.0 = Debug|Any CPU
		{70A27B9C-3644-42CE-B54C-1FEC039F82B7}.Release|Any CPU.ActiveCfg = Release|Any CPU
		{70A27B9C-3644-42CE-B54C-1FEC039F82B7}.Release|Any CPU.Build.0 = Release|Any CPU
		{C8C969A8-95E3-485D-9870-6F8A43659887}.Debug|Any CPU.ActiveCfg = Debug|Any CPU
		{C8C969A8-95E3-485D-9870-6F8A43659887}.Debug|Any CPU.Build.0 = Debug|Any CPU
		{C8C969A8-95E3-485D-9870-6F8A43659887}.Release|Any CPU.ActiveCfg = Release|Any CPU
		{C8C969A8-95E3-485D-9870-6F8A43659887}.Release|Any CPU.Build.0 = Release|Any CPU
		{FEF78C04-6CE7-4F93-8A9B-566AB4EFEADF}.Debug|Any CPU.ActiveCfg = Debug|Any CPU
		{FEF78C04-6CE7-4F93-8A9B-566AB4EFEADF}.Debug|Any CPU.Build.0 = Debug|Any CPU
		{FEF78C04-6CE7-4F93-8A9B-566AB4EFEADF}.Release|Any CPU.ActiveCfg = Release|Any CPU
		{FEF78C04-6CE7-4F93-8A9B-566AB4EFEADF}.Release|Any CPU.Build.0 = Release|Any CPU
		{7CFC467F-1C8B-4F6A-9409-2DE108496A56}.Debug|Any CPU.ActiveCfg = Debug|Any CPU
		{7CFC467F-1C8B-4F6A-9409-2DE108496A56}.Debug|Any CPU.Build.0 = Debug|Any CPU
		{7CFC467F-1C8B-4F6A-9409-2DE108496A56}.Release|Any CPU.ActiveCfg = Release|Any CPU
		{7CFC467F-1C8B-4F6A-9409-2DE108496A56}.Release|Any CPU.Build.0 = Release|Any CPU
		{35B368E2-31F5-4F62-BD7B-8E5F2CCE10E7}.Debug|Any CPU.ActiveCfg = Debug|Any CPU
		{35B368E2-31F5-4F62-BD7B-8E5F2CCE10E7}.Debug|Any CPU.Build.0 = Debug|Any CPU
		{35B368E2-31F5-4F62-BD7B-8E5F2CCE10E7}.Release|Any CPU.ActiveCfg = Release|Any CPU
		{35B368E2-31F5-4F62-BD7B-8E5F2CCE10E7}.Release|Any CPU.Build.0 = Release|Any CPU
		{7C60DF73-394F-4D94-9488-63C2E0126135}.Debug|Any CPU.ActiveCfg = Debug|Any CPU
		{7C60DF73-394F-4D94-9488-63C2E0126135}.Debug|Any CPU.Build.0 = Debug|Any CPU
		{7C60DF73-394F-4D94-9488-63C2E0126135}.Release|Any CPU.ActiveCfg = Release|Any CPU
		{7C60DF73-394F-4D94-9488-63C2E0126135}.Release|Any CPU.Build.0 = Release|Any CPU
		{A9358E27-5856-41E6-A18A-EE39F9F8C09E}.Debug|Any CPU.ActiveCfg = Debug|Any CPU
		{A9358E27-5856-41E6-A18A-EE39F9F8C09E}.Debug|Any CPU.Build.0 = Debug|Any CPU
		{A9358E27-5856-41E6-A18A-EE39F9F8C09E}.Release|Any CPU.ActiveCfg = Release|Any CPU
		{A9358E27-5856-41E6-A18A-EE39F9F8C09E}.Release|Any CPU.Build.0 = Release|Any CPU
		{CC1B8260-AAA4-4137-B21B-AC21211FBF3B}.Debug|Any CPU.ActiveCfg = Debug|Any CPU
		{CC1B8260-AAA4-4137-B21B-AC21211FBF3B}.Debug|Any CPU.Build.0 = Debug|Any CPU
		{CC1B8260-AAA4-4137-B21B-AC21211FBF3B}.Release|Any CPU.ActiveCfg = Release|Any CPU
		{CC1B8260-AAA4-4137-B21B-AC21211FBF3B}.Release|Any CPU.Build.0 = Release|Any CPU
		{9A2249C9-AF92-410D-8F27-61177B93A181}.Debug|Any CPU.ActiveCfg = Debug|Any CPU
		{9A2249C9-AF92-410D-8F27-61177B93A181}.Debug|Any CPU.Build.0 = Debug|Any CPU
		{9A2249C9-AF92-410D-8F27-61177B93A181}.Release|Any CPU.ActiveCfg = Release|Any CPU
		{9A2249C9-AF92-410D-8F27-61177B93A181}.Release|Any CPU.Build.0 = Release|Any CPU
		{AB53751E-F659-4C4A-97BD-7BBD8B06ED6A}.Debug|Any CPU.ActiveCfg = Debug|Any CPU
		{AB53751E-F659-4C4A-97BD-7BBD8B06ED6A}.Debug|Any CPU.Build.0 = Debug|Any CPU
		{AB53751E-F659-4C4A-97BD-7BBD8B06ED6A}.Release|Any CPU.ActiveCfg = Release|Any CPU
		{AB53751E-F659-4C4A-97BD-7BBD8B06ED6A}.Release|Any CPU.Build.0 = Release|Any CPU
		{AAAA4E40-D284-49E8-978F-DC00A07C382C}.Debug|Any CPU.ActiveCfg = Debug|Any CPU
		{AAAA4E40-D284-49E8-978F-DC00A07C382C}.Debug|Any CPU.Build.0 = Debug|Any CPU
		{AAAA4E40-D284-49E8-978F-DC00A07C382C}.Release|Any CPU.ActiveCfg = Release|Any CPU
		{AAAA4E40-D284-49E8-978F-DC00A07C382C}.Release|Any CPU.Build.0 = Release|Any CPU
		{9BD04D99-3F39-4F9B-B552-0B74054326C6}.Debug|Any CPU.ActiveCfg = Debug|Any CPU
		{9BD04D99-3F39-4F9B-B552-0B74054326C6}.Debug|Any CPU.Build.0 = Debug|Any CPU
		{9BD04D99-3F39-4F9B-B552-0B74054326C6}.Release|Any CPU.ActiveCfg = Release|Any CPU
		{9BD04D99-3F39-4F9B-B552-0B74054326C6}.Release|Any CPU.Build.0 = Release|Any CPU
		{02459AD8-7500-49ED-ADF2-AE0F666FD4BB}.Debug|Any CPU.ActiveCfg = Debug|Any CPU
		{02459AD8-7500-49ED-ADF2-AE0F666FD4BB}.Debug|Any CPU.Build.0 = Debug|Any CPU
		{02459AD8-7500-49ED-ADF2-AE0F666FD4BB}.Release|Any CPU.ActiveCfg = Release|Any CPU
		{02459AD8-7500-49ED-ADF2-AE0F666FD4BB}.Release|Any CPU.Build.0 = Release|Any CPU
		{0388EFA7-95A6-4A62-9B26-4F7FC3239C86}.Debug|Any CPU.ActiveCfg = Debug|Any CPU
		{0388EFA7-95A6-4A62-9B26-4F7FC3239C86}.Debug|Any CPU.Build.0 = Debug|Any CPU
		{0388EFA7-95A6-4A62-9B26-4F7FC3239C86}.Release|Any CPU.ActiveCfg = Release|Any CPU
		{0388EFA7-95A6-4A62-9B26-4F7FC3239C86}.Release|Any CPU.Build.0 = Release|Any CPU
		{F2C0B4F3-D9E7-4A00-8468-45EF8D8161DC}.Debug|Any CPU.ActiveCfg = Debug|Any CPU
		{F2C0B4F3-D9E7-4A00-8468-45EF8D8161DC}.Debug|Any CPU.Build.0 = Debug|Any CPU
		{F2C0B4F3-D9E7-4A00-8468-45EF8D8161DC}.Release|Any CPU.ActiveCfg = Release|Any CPU
		{F2C0B4F3-D9E7-4A00-8468-45EF8D8161DC}.Release|Any CPU.Build.0 = Release|Any CPU
		{4E48FD10-18B8-4622-A036-325764523AA8}.Debug|Any CPU.ActiveCfg = Debug|Any CPU
		{4E48FD10-18B8-4622-A036-325764523AA8}.Debug|Any CPU.Build.0 = Debug|Any CPU
		{4E48FD10-18B8-4622-A036-325764523AA8}.Release|Any CPU.ActiveCfg = Release|Any CPU
		{4E48FD10-18B8-4622-A036-325764523AA8}.Release|Any CPU.Build.0 = Release|Any CPU
		{48F15398-02EE-467C-99BC-CC69925C3F57}.Debug|Any CPU.ActiveCfg = Debug|Any CPU
		{48F15398-02EE-467C-99BC-CC69925C3F57}.Debug|Any CPU.Build.0 = Debug|Any CPU
		{48F15398-02EE-467C-99BC-CC69925C3F57}.Release|Any CPU.ActiveCfg = Release|Any CPU
		{48F15398-02EE-467C-99BC-CC69925C3F57}.Release|Any CPU.Build.0 = Release|Any CPU
		{2DBA94E4-E89D-43B3-B0CF-5FE58B138704}.Debug|Any CPU.ActiveCfg = Debug|Any CPU
		{2DBA94E4-E89D-43B3-B0CF-5FE58B138704}.Debug|Any CPU.Build.0 = Debug|Any CPU
		{2DBA94E4-E89D-43B3-B0CF-5FE58B138704}.Release|Any CPU.ActiveCfg = Release|Any CPU
		{2DBA94E4-E89D-43B3-B0CF-5FE58B138704}.Release|Any CPU.Build.0 = Release|Any CPU
		{23A3D9E5-055B-4081-829F-6B792780E313}.Debug|Any CPU.ActiveCfg = Debug|Any CPU
		{23A3D9E5-055B-4081-829F-6B792780E313}.Debug|Any CPU.Build.0 = Debug|Any CPU
		{23A3D9E5-055B-4081-829F-6B792780E313}.Release|Any CPU.ActiveCfg = Release|Any CPU
		{23A3D9E5-055B-4081-829F-6B792780E313}.Release|Any CPU.Build.0 = Release|Any CPU
		{45C8C9C2-B496-4090-83BF-A2A0CFE216EF}.Debug|Any CPU.ActiveCfg = Debug|Any CPU
		{45C8C9C2-B496-4090-83BF-A2A0CFE216EF}.Debug|Any CPU.Build.0 = Debug|Any CPU
		{45C8C9C2-B496-4090-83BF-A2A0CFE216EF}.Release|Any CPU.ActiveCfg = Release|Any CPU
		{45C8C9C2-B496-4090-83BF-A2A0CFE216EF}.Release|Any CPU.Build.0 = Release|Any CPU
	EndGlobalSection
	GlobalSection(SolutionProperties) = preSolution
		HideSolutionNode = FALSE
	EndGlobalSection
	GlobalSection(ExtensibilityGlobals) = postSolution
		SolutionGuid = {8AB66505-CE21-4410-9DBF-4D983C68E160}
	EndGlobalSection
EndGlobal
