
Microsoft Visual Studio Solution File, Format Version 12.00
# Visual Studio Version 17
VisualStudioVersion = 17.2.32630.192
MinimumVisualStudioVersion = 10.0.40219.1
Project("{9A19103F-16F7-4668-BE54-9A1E7A4F7556}") = "R5T.Z0056.Construction", "R5T.Z0056.Construction\R5T.Z0056.Construction.csproj", "{3D2FB9B1-21FA-4987-A7C6-0862AC2BEBD4}"
EndProject
Project("{9A19103F-16F7-4668-BE54-9A1E7A4F7556}") = "R5T.Z0056", "R5T.Z0056\R5T.Z0056.csproj", "{B4BA4E89-BBB9-455D-A7A0-3673FD1DF30D}"
EndProject
Global
	GlobalSection(SolutionConfigurationPlatforms) = preSolution
		Debug|Any CPU = Debug|Any CPU
		Release|Any CPU = Release|Any CPU
	EndGlobalSection
	GlobalSection(ProjectConfigurationPlatforms) = postSolution
		{3D2FB9B1-21FA-4987-A7C6-0862AC2BEBD4}.Debug|Any CPU.ActiveCfg = Debug|Any CPU
		{3D2FB9B1-21FA-4987-A7C6-0862AC2BEBD4}.Debug|Any CPU.Build.0 = Debug|Any CPU
		{3D2FB9B1-21FA-4987-A7C6-0862AC2BEBD4}.Release|Any CPU.ActiveCfg = Release|Any CPU
		{3D2FB9B1-21FA-4987-A7C6-0862AC2BEBD4}.Release|Any CPU.Build.0 = Release|Any CPU
		{B4BA4E89-BBB9-455D-A7A0-3673FD1DF30D}.Debug|Any CPU.ActiveCfg = Debug|Any CPU
		{B4BA4E89-BBB9-455D-A7A0-3673FD1DF30D}.Debug|Any CPU.Build.0 = Debug|Any CPU
		{B4BA4E89-BBB9-455D-A7A0-3673FD1DF30D}.Release|Any CPU.ActiveCfg = Release|Any CPU
		{B4BA4E89-BBB9-455D-A7A0-3673FD1DF30D}.Release|Any CPU.Build.0 = Release|Any CPU
	EndGlobalSection
	GlobalSection(SolutionProperties) = preSolution
		HideSolutionNode = FALSE
	EndGlobalSection
	GlobalSection(ExtensibilityGlobals) = postSolution
		SolutionGuid = {8AB66505-CE21-4410-9DBF-4D983C68E160}
	EndGlobalSection
EndGlobal
